
Microsoft Visual Studio Solution File, Format Version 12.00
# Visual Studio Version 16
VisualStudioVersion = 16.0.31321.278
MinimumVisualStudioVersion = 10.0.40219.1
Project("{9A19103F-16F7-4668-BE54-9A1E7A4F7556}") = "ImageFiltering.Service", "ImageFiltering.Service\ImageFiltering.Service.csproj", "{E61C30FE-053B-4958-94A5-F865C53C9859}"
EndProject
Project("{9A19103F-16F7-4668-BE54-9A1E7A4F7556}") = "ImageFiltering.Api", "ImageFiltering.Api\ImageFiltering.Api.csproj", "{DAC0C353-35EB-4017-90AE-036AA76AAA3E}"
EndProject
Project("{9A19103F-16F7-4668-BE54-9A1E7A4F7556}") = "ImageFiltering.Application", "ImageFiltering.Application\ImageFiltering.Application.csproj", "{DCFF1B47-E35B-44F9-A422-D852115D365C}"
EndProject
Project("{FAE04EC0-301F-11D3-BF4B-00C04F79EFBC}") = "ImageFiltering.Shared", "ImageFiltering.Shared\ImageFiltering.Shared.csproj", "{5D993717-5690-4DA2-BD4D-FF0D6ED6F545}"
EndProject
Global
	GlobalSection(SolutionConfigurationPlatforms) = preSolution
		Debug|Any CPU = Debug|Any CPU
		Release|Any CPU = Release|Any CPU
	EndGlobalSection
	GlobalSection(ProjectConfigurationPlatforms) = postSolution
		{E61C30FE-053B-4958-94A5-F865C53C9859}.Debug|Any CPU.ActiveCfg = Debug|Any CPU
		{E61C30FE-053B-4958-94A5-F865C53C9859}.Debug|Any CPU.Build.0 = Debug|Any CPU
		{E61C30FE-053B-4958-94A5-F865C53C9859}.Release|Any CPU.ActiveCfg = Release|Any CPU
		{E61C30FE-053B-4958-94A5-F865C53C9859}.Release|Any CPU.Build.0 = Release|Any CPU
		{DAC0C353-35EB-4017-90AE-036AA76AAA3E}.Debug|Any CPU.ActiveCfg = Debug|Any CPU
		{DAC0C353-35EB-4017-90AE-036AA76AAA3E}.Debug|Any CPU.Build.0 = Debug|Any CPU
		{DAC0C353-35EB-4017-90AE-036AA76AAA3E}.Release|Any CPU.ActiveCfg = Release|Any CPU
		{DAC0C353-35EB-4017-90AE-036AA76AAA3E}.Release|Any CPU.Build.0 = Release|Any CPU
		{DCFF1B47-E35B-44F9-A422-D852115D365C}.Debug|Any CPU.ActiveCfg = Debug|Any CPU
		{DCFF1B47-E35B-44F9-A422-D852115D365C}.Debug|Any CPU.Build.0 = Debug|Any CPU
		{DCFF1B47-E35B-44F9-A422-D852115D365C}.Release|Any CPU.ActiveCfg = Release|Any CPU
		{DCFF1B47-E35B-44F9-A422-D852115D365C}.Release|Any CPU.Build.0 = Release|Any CPU
		{5D993717-5690-4DA2-BD4D-FF0D6ED6F545}.Debug|Any CPU.ActiveCfg = Debug|Any CPU
		{5D993717-5690-4DA2-BD4D-FF0D6ED6F545}.Debug|Any CPU.Build.0 = Debug|Any CPU
		{5D993717-5690-4DA2-BD4D-FF0D6ED6F545}.Release|Any CPU.ActiveCfg = Release|Any CPU
		{5D993717-5690-4DA2-BD4D-FF0D6ED6F545}.Release|Any CPU.Build.0 = Release|Any CPU
	EndGlobalSection
	GlobalSection(SolutionProperties) = preSolution
		HideSolutionNode = FALSE
	EndGlobalSection
	GlobalSection(ExtensibilityGlobals) = postSolution
		SolutionGuid = {6E0C43EC-9595-439E-BDDA-B555B5D08091}
	EndGlobalSection
EndGlobal
